
Microsoft Visual Studio Solution File, Format Version 12.00
# Visual Studio Version 16
VisualStudioVersion = 16.0.29613.14
MinimumVisualStudioVersion = 10.0.40219.1
Project("{FAE04EC0-301F-11D3-BF4B-00C04F79EFBC}") = "ToDoList_Application", "ToDoList_Application\ToDoList_Application.csproj", "{D415A627-88B3-4745-8AD0-3175E1EF0865}"
EndProject
Global
	GlobalSection(SolutionConfigurationPlatforms) = preSolution
		Debug|Any CPU = Debug|Any CPU
		Release|Any CPU = Release|Any CPU
	EndGlobalSection
	GlobalSection(ProjectConfigurationPlatforms) = postSolution
		{D415A627-88B3-4745-8AD0-3175E1EF0865}.Debug|Any CPU.ActiveCfg = Debug|Any CPU
		{D415A627-88B3-4745-8AD0-3175E1EF0865}.Debug|Any CPU.Build.0 = Debug|Any CPU
		{D415A627-88B3-4745-8AD0-3175E1EF0865}.Release|Any CPU.ActiveCfg = Release|Any CPU
		{D415A627-88B3-4745-8AD0-3175E1EF0865}.Release|Any CPU.Build.0 = Release|Any CPU
	EndGlobalSection
	GlobalSection(SolutionProperties) = preSolution
		HideSolutionNode = FALSE
	EndGlobalSection
	GlobalSection(ExtensibilityGlobals) = postSolution
		SolutionGuid = {39549F83-07A7-4D8D-8B91-2266EC856B50}
	EndGlobalSection
EndGlobal
